
Microsoft Visual Studio Solution File, Format Version 12.00
Project("{FAE04EC0-301F-11D3-BF4B-00C04F79EFBC}") = "2048_dev_server", "2048_dev_server\2048_dev_server.csproj", "{A98240F3-F007-48AD-9E03-D19431B7E8F4}"
EndProject
Global
	GlobalSection(SolutionConfigurationPlatforms) = preSolution
		Debug|Any CPU = Debug|Any CPU
		Release|Any CPU = Release|Any CPU
	EndGlobalSection
	GlobalSection(ProjectConfigurationPlatforms) = postSolution
		{A98240F3-F007-48AD-9E03-D19431B7E8F4}.Debug|Any CPU.ActiveCfg = Debug|Any CPU
		{A98240F3-F007-48AD-9E03-D19431B7E8F4}.Debug|Any CPU.Build.0 = Debug|Any CPU
		{A98240F3-F007-48AD-9E03-D19431B7E8F4}.Release|Any CPU.ActiveCfg = Release|Any CPU
		{A98240F3-F007-48AD-9E03-D19431B7E8F4}.Release|Any CPU.Build.0 = Release|Any CPU
	EndGlobalSection
EndGlobal
